{
  "version": 4,
  "terraform_version": "1.4.0",
  "serial": 19,
  "lineage": "1deb8856-d11e-b5e6-2a4f-096771457703",
  "outputs": {},
  "resources": [
    {
      "mode": "managed",
      "type": "google_container_cluster",
      "name": "wafi_cluster",
      "provider": "provider[\"registry.terraform.io/hashicorp/google\"]",
      "instances": [
        {
          "schema_version": 2,
          "attributes": {
            "addons_config": [
              {
                "cloudrun_config": [],
                "config_connector_config": [],
                "dns_cache_config": [],
                "gce_persistent_disk_csi_driver_config": [
                  {
                    "enabled": true
                  }
                ],
                "gcp_filestore_csi_driver_config": [],
                "gcs_fuse_csi_driver_config": [],
                "gke_backup_agent_config": [],
                "horizontal_pod_autoscaling": [],
                "http_load_balancing": [],
                "network_policy_config": [
                  {
                    "disabled": true
                  }
                ]
              }
            ],
            "allow_net_admin": null,
            "authenticator_groups_config": [],
            "binary_authorization": [
              {
                "enabled": false,
                "evaluation_mode": ""
              }
            ],
            "cluster_autoscaling": [
              {
                "auto_provisioning_defaults": [],
                "autoscaling_profile": "BALANCED",
                "enabled": false,
                "resource_limits": []
              }
            ],
            "cluster_ipv4_cidr": "10.64.0.0/14",
            "confidential_nodes": [],
            "cost_management_config": [],
            "database_encryption": [
              {
                "key_name": "",
                "state": "DECRYPTED"
              }
            ],
            "datapath_provider": "",
            "default_max_pods_per_node": 110,
            "default_snat_status": [
              {
                "disabled": false
              }
            ],
            "deletion_protection": true,
            "description": "",
            "dns_config": [],
            "enable_autopilot": false,
            "enable_intranode_visibility": false,
            "enable_k8s_beta_apis": [],
            "enable_kubernetes_alpha": false,
            "enable_l4_ilb_subsetting": false,
            "enable_legacy_abac": false,
            "enable_shielded_nodes": true,
            "enable_tpu": false,
            "endpoint": "34.173.170.60",
            "fleet": [],
            "gateway_api_config": [],
            "id": "projects/thinking-case-409512/locations/us-central1/clusters/wafi-gke-cluster",
            "identity_service_config": [],
            "initial_node_count": 0,
            "ip_allocation_policy": [
              {
                "additional_pod_ranges_config": [],
                "cluster_ipv4_cidr_block": "10.64.0.0/14",
                "cluster_secondary_range_name": "gke-wafi-gke-cluster-pods-72e632ea",
                "pod_cidr_overprovision_config": [
                  {
                    "disabled": false
                  }
                ],
                "services_ipv4_cidr_block": "10.68.0.0/20",
                "services_secondary_range_name": "gke-wafi-gke-cluster-services-72e632ea",
                "stack_type": "IPV4"
              }
            ],
            "label_fingerprint": "a9dc16a7",
            "location": "us-central1",
            "logging_config": [
              {
                "enable_components": [
                  "SYSTEM_COMPONENTS",
                  "WORKLOADS"
                ]
              }
            ],
            "logging_service": "logging.googleapis.com/kubernetes",
            "maintenance_policy": [],
            "master_auth": [
              {
                "client_certificate": "",
                "client_certificate_config": [
                  {
                    "issue_client_certificate": false
                  }
                ],
                "client_key": "",
                "cluster_ca_certificate": "LS0tLS1CRUdJTiBDRVJUSUZJQ0FURS0tLS0tCk1JSUVMVENDQXBXZ0F3SUJBZ0lSQU1XWVVmU3J1YnM1NmVFMjdVbk13OEV3RFFZSktvWklodmNOQVFFTEJRQXcKTHpFdE1Dc0dBMVVFQXhNa05UQTVOalZtT1dNdE56QXhNeTAwWW1ZeUxUazFNMlF0TURJek9HTm1NbUV5TnpnMApNQ0FYRFRJek1USXlPREV5TWpNMU5Gb1lEekl3TlRNeE1qSXdNVE15TXpVMFdqQXZNUzB3S3dZRFZRUURFeVExCk1EazJOV1k1WXkwM01ERXpMVFJpWmpJdE9UVXpaQzB3TWpNNFkyWXlZVEkzT0RRd2dnR2lNQTBHQ1NxR1NJYjMKRFFFQkFRVUFBNElCandBd2dnR0tBb0lCZ1FDbXplRmRDL1JCN3l6QXNHb3VjMEFVYkxJSVhXVmZZZDNaSVhiaQpiY21qNmQ1Wk5CdUxaTS91OWNsMEhTQ0drTUYyTVJMTUlZdk5KcnlOcWpLNmJOdEZqYXAxZDRBajJFTGF6bVMvClp3V0djSlIrSnFldGlqWEYzVmYzYW9YQUFlcXFJRjFHc0h5OG04WElST3lwYTVwNVY1UmhtQ3dqQ2ptUmJFNkcKQmc1WnpTL29ubHRhZjRFMk5pa1hFT3JXZFVqVWJQTGlKWmJoeXZtRVltSnNiVkkxS2lWOTNTZUNLVHFCWFd5NApmWGhNeUhjSUFCcFlNbmk2OUVIbVF1RU1JVGIxbGdydGs5ay9nNnU0WHFpbTkxR1VvVFFVdWlLMTRudGZIcVArCitNSDN1dVBUY1h4RExHbGFOTjdYR2h3WDQ5TlpiNlVkc0hhSTUyYUM0U3dGazU2WTUvNmtTVWk4NTNRdFFiVm8KUlFhN3NyalRkenltSXRybjRDSVY3Wm1jV2NFc0xNTUsxdjQxWmRoMFl0MVhudDFqVW1qMzFXT1dYMHZPZnV2cAp2OG83Q2REdlVFZTJaTHluTnNnZ2x3Titycld4TjFBSWZMQ21UbWV4RE5VWStoY25lOE9vNXNqYWlYN1hlNVNGClE2azZpVEZIelRjRlpXanRYdGgxOFcrWEpuc0NBd0VBQWFOQ01FQXdEZ1lEVlIwUEFRSC9CQVFEQWdJRU1BOEcKQTFVZEV3RUIvd1FGTUFNQkFmOHdIUVlEVlIwT0JCWUVGTjFiTHJFa05CTmVuMWVFVmI1Smk3UE1UTkdXTUEwRwpDU3FHU0liM0RRRUJDd1VBQTRJQmdRQVBOdG14aGMrQ0ZLL2FVYlUrMXpxWlFGSDdScCttcStNM1lDR3BDRWhBCnI4TEVrdWZnYzJ2VVdSYUd0K2tsQjFYNzlvSXdJUzBiTTBCWlhEWnFHY01WMGtIWW1Tb0V5dUowL2hNWmovRDYKa1Bzb2NmVzB6VFBPaUllOHRVYmRHSXR4M2IwcDJrRmtNR1NjS2J4LzJXU2ZjN2VVZmI3N2Y2YkxHdEJtektoUApXL0h0MFJBMVAvUXc0bkRoS2wwRkUxd1VkQjl6SDc5OE9STVlVNXh6NFQwSkpMUWppaWtoUEZkcSt2bWhkdjNjCmFVamhXcm51blNCZFRYSG9jR1N4WXJTb2NGYVZYUEtSU1BWTW1abjU5N3UxT2xyZzZ2ZHB0d2gwLzdYa2p2dCsKclJBWDlOazZtbUpuSXhmWFZNTE9OZktJSkx0YTZTbkpwTllTWnBMa1NvNGhDRlFla0c4RlRGZXZzNUdnTm5QQgorblFwcFVxalhETEhpWWFEWEQyaWVnOE15TDA2QnBIR3FaK1J5akJocWZzTmlzTTUyZWFnODlmZDV5b3B2dnk3CjM5dEI5SGZuNHppUkdWR1N6eTVvL1FEV0pveEdiTmQ1V1Bkc0xNV2JKNkkyVEV6VklWcnV3TWR1bjhXL3pubVMKclhCdzRkcTJLbjJOblhxWjYxamJLSGc9Ci0tLS0tRU5EIENFUlRJRklDQVRFLS0tLS0K"
              }
            ],
            "master_authorized_networks_config": [],
            "master_version": "1.27.3-gke.100",
            "mesh_certificates": [],
            "min_master_version": null,
            "monitoring_config": [
              {
                "advanced_datapath_observability_config": [
                  {
                    "enable_metrics": false,
                    "relay_mode": ""
                  }
                ],
                "enable_components": [
                  "SYSTEM_COMPONENTS"
                ],
                "managed_prometheus": [
                  {
                    "enabled": true
                  }
                ]
              }
            ],
            "monitoring_service": "monitoring.googleapis.com/kubernetes",
            "name": "wafi-gke-cluster",
            "network": "projects/thinking-case-409512/global/networks/default",
            "network_policy": [
              {
                "enabled": false,
                "provider": "PROVIDER_UNSPECIFIED"
              }
            ],
            "networking_mode": "VPC_NATIVE",
            "node_config": [
              {
                "advanced_machine_features": [],
                "boot_disk_kms_key": "",
                "confidential_nodes": [],
                "disk_size_gb": 100,
                "disk_type": "pd-balanced",
                "effective_taints": [],
                "ephemeral_storage_local_ssd_config": [],
                "fast_socket": [],
                "gcfs_config": [],
                "guest_accelerator": [],
                "gvnic": [],
                "host_maintenance_policy": [],
                "image_type": "COS_CONTAINERD",
                "kubelet_config": [],
                "labels": {},
                "linux_node_config": [],
                "local_nvme_ssd_block_config": [],
                "local_ssd_count": 0,
                "logging_variant": "DEFAULT",
                "machine_type": "n1-standard-1",
                "metadata": {
                  "disable-legacy-endpoints": "true"
                },
                "min_cpu_platform": "",
                "node_group": "",
                "oauth_scopes": [
                  "https://www.googleapis.com/auth/devstorage.read_only",
                  "https://www.googleapis.com/auth/logging.write",
                  "https://www.googleapis.com/auth/monitoring",
                  "https://www.googleapis.com/auth/service.management.readonly",
                  "https://www.googleapis.com/auth/servicecontrol",
                  "https://www.googleapis.com/auth/trace.append"
                ],
                "preemptible": false,
                "reservation_affinity": [],
                "resource_labels": {},
                "service_account": "default",
                "shielded_instance_config": [
                  {
                    "enable_integrity_monitoring": true,
                    "enable_secure_boot": false
                  }
                ],
                "sole_tenant_config": [],
                "spot": false,
                "tags": [],
                "taint": [],
                "workload_metadata_config": []
              }
            ],
            "node_locations": [
              "us-central1-b",
              "us-central1-c",
              "us-central1-f"
            ],
            "node_pool": [
              {
                "autoscaling": [],
                "initial_node_count": 1,
                "instance_group_urls": [
                  "https://www.googleapis.com/compute/v1/projects/thinking-case-409512/zones/us-central1-b/instanceGroupManagers/gke-wafi-gke-cluster-default-pool-3b64a8ef-grp",
                  "https://www.googleapis.com/compute/v1/projects/thinking-case-409512/zones/us-central1-c/instanceGroupManagers/gke-wafi-gke-cluster-default-pool-9c3a92ec-grp",
                  "https://www.googleapis.com/compute/v1/projects/thinking-case-409512/zones/us-central1-f/instanceGroupManagers/gke-wafi-gke-cluster-default-pool-37699a85-grp"
                ],
                "managed_instance_group_urls": [
                  "https://www.googleapis.com/compute/v1/projects/thinking-case-409512/zones/us-central1-b/instanceGroups/gke-wafi-gke-cluster-default-pool-3b64a8ef-grp",
                  "https://www.googleapis.com/compute/v1/projects/thinking-case-409512/zones/us-central1-c/instanceGroups/gke-wafi-gke-cluster-default-pool-9c3a92ec-grp",
                  "https://www.googleapis.com/compute/v1/projects/thinking-case-409512/zones/us-central1-f/instanceGroups/gke-wafi-gke-cluster-default-pool-37699a85-grp"
                ],
                "management": [
                  {
                    "auto_repair": true,
                    "auto_upgrade": true
                  }
                ],
                "max_pods_per_node": 110,
                "name": "default-pool",
                "name_prefix": "",
                "network_config": [
                  {
                    "create_pod_range": false,
                    "enable_private_nodes": false,
                    "network_performance_config": [],
                    "pod_cidr_overprovision_config": [],
                    "pod_ipv4_cidr_block": "10.64.0.0/14",
                    "pod_range": "gke-wafi-gke-cluster-pods-72e632ea"
                  }
                ],
                "node_config": [
                  {
                    "advanced_machine_features": [],
                    "boot_disk_kms_key": "",
                    "confidential_nodes": [],
                    "disk_size_gb": 100,
                    "disk_type": "pd-balanced",
                    "effective_taints": [],
                    "ephemeral_storage_local_ssd_config": [],
                    "fast_socket": [],
                    "gcfs_config": [],
                    "guest_accelerator": [],
                    "gvnic": [],
                    "host_maintenance_policy": [],
                    "image_type": "COS_CONTAINERD",
                    "kubelet_config": [],
                    "labels": {},
                    "linux_node_config": [],
                    "local_nvme_ssd_block_config": [],
                    "local_ssd_count": 0,
                    "logging_variant": "DEFAULT",
                    "machine_type": "n1-standard-1",
                    "metadata": {
                      "disable-legacy-endpoints": "true"
                    },
                    "min_cpu_platform": "",
                    "node_group": "",
                    "oauth_scopes": [
                      "https://www.googleapis.com/auth/devstorage.read_only",
                      "https://www.googleapis.com/auth/logging.write",
                      "https://www.googleapis.com/auth/monitoring",
                      "https://www.googleapis.com/auth/service.management.readonly",
                      "https://www.googleapis.com/auth/servicecontrol",
                      "https://www.googleapis.com/auth/trace.append"
                    ],
                    "preemptible": false,
                    "reservation_affinity": [],
                    "resource_labels": {},
                    "service_account": "default",
                    "shielded_instance_config": [
                      {
                        "enable_integrity_monitoring": true,
                        "enable_secure_boot": false
                      }
                    ],
                    "sole_tenant_config": [],
                    "spot": false,
                    "tags": [],
                    "taint": [],
                    "workload_metadata_config": []
                  }
                ],
                "node_count": 1,
                "node_locations": [
                  "us-central1-b",
                  "us-central1-c",
                  "us-central1-f"
                ],
                "placement_policy": [],
                "upgrade_settings": [
                  {
                    "blue_green_settings": [],
                    "max_surge": 1,
                    "max_unavailable": 0,
                    "strategy": "SURGE"
                  }
                ],
                "version": "1.27.3-gke.100"
              }
            ],
            "node_pool_auto_config": [],
            "node_pool_defaults": [
              {
                "node_config_defaults": [
                  {
                    "logging_variant": "DEFAULT"
                  }
                ]
              }
            ],
            "node_version": "1.27.3-gke.100",
            "notification_config": [
              {
                "pubsub": [
                  {
                    "enabled": false,
                    "filter": [],
                    "topic": ""
                  }
                ]
              }
            ],
            "operation": null,
            "private_cluster_config": [
              {
                "enable_private_endpoint": false,
                "enable_private_nodes": false,
                "master_global_access_config": [
                  {
                    "enabled": false
                  }
                ],
                "master_ipv4_cidr_block": "",
                "peering_name": "",
                "private_endpoint": "10.128.0.2",
                "private_endpoint_subnetwork": "",
                "public_endpoint": "34.173.170.60"
              }
            ],
            "private_ipv6_google_access": "",
            "project": "thinking-case-409512",
            "release_channel": [
              {
                "channel": "REGULAR"
              }
            ],
            "remove_default_node_pool": null,
            "resource_labels": {},
            "resource_usage_export_config": [],
            "security_posture_config": [
              {
                "mode": "BASIC",
                "vulnerability_mode": "VULNERABILITY_MODE_UNSPECIFIED"
              }
            ],
            "self_link": "https://container.googleapis.com/v1/projects/thinking-case-409512/locations/us-central1/clusters/wafi-gke-cluster",
            "service_external_ips_config": [
              {
                "enabled": false
              }
            ],
            "services_ipv4_cidr": "10.68.0.0/20",
            "subnetwork": "projects/thinking-case-409512/regions/us-central1/subnetworks/default",
            "timeouts": null,
            "tpu_ipv4_cidr_block": "",
            "vertical_pod_autoscaling": [],
            "workload_identity_config": []
          },
          "sensitive_attributes": [],
          "private": "eyJlMmJmYjczMC1lY2FhLTExZTYtOGY4OC0zNDM2M2JjN2M0YzAiOnsiY3JlYXRlIjoyNDAwMDAwMDAwMDAwLCJkZWxldGUiOjI0MDAwMDAwMDAwMDAsInJlYWQiOjI0MDAwMDAwMDAwMDAsInVwZGF0ZSI6MzYwMDAwMDAwMDAwMH0sInNjaGVtYV92ZXJzaW9uIjoiMiJ9"
        }
      ]
    },
    {
      "mode": "managed",
      "type": "null_resource",
      "name": "configure_kubectl",
      "provider": "provider[\"registry.terraform.io/hashicorp/null\"]",
      "instances": [
        {
          "schema_version": 0,
          "attributes": {
            "id": "3556042155417029654",
            "triggers": null
          },
          "sensitive_attributes": [],
          "dependencies": [
            "google_container_cluster.wafi_cluster"
          ]
        }
      ]
    }
  ],
  "check_results": null
}
